
Microsoft Visual Studio Solution File, Format Version 12.00
# Visual Studio Version 16
VisualStudioVersion = 16.0.31112.23
MinimumVisualStudioVersion = 10.0.40219.1
Project("{FAE04EC0-301F-11D3-BF4B-00C04F79EFBC}") = "AccountMaker", "AccountMaker.csproj", "{05FC8679-A531-41F0-BB75-B93686AEFD69}"
EndProject
Project("{FAE04EC0-301F-11D3-BF4B-00C04F79EFBC}") = "AccountMakerTest", "..\AccountMakerTest\AccountMakerTest.csproj", "{2787255E-7A45-4438-BAB1-F2D48B306AA2}"
EndProject
Global
	GlobalSection(SolutionConfigurationPlatforms) = preSolution
		Debug|Any CPU = Debug|Any CPU
		Release|Any CPU = Release|Any CPU
	EndGlobalSection
	GlobalSection(ProjectConfigurationPlatforms) = postSolution
		{05FC8679-A531-41F0-BB75-B93686AEFD69}.Debug|Any CPU.ActiveCfg = Debug|Any CPU
		{05FC8679-A531-41F0-BB75-B93686AEFD69}.Debug|Any CPU.Build.0 = Debug|Any CPU
		{05FC8679-A531-41F0-BB75-B93686AEFD69}.Release|Any CPU.ActiveCfg = Release|Any CPU
		{05FC8679-A531-41F0-BB75-B93686AEFD69}.Release|Any CPU.Build.0 = Release|Any CPU
		{2787255E-7A45-4438-BAB1-F2D48B306AA2}.Debug|Any CPU.ActiveCfg = Debug|Any CPU
		{2787255E-7A45-4438-BAB1-F2D48B306AA2}.Debug|Any CPU.Build.0 = Debug|Any CPU
		{2787255E-7A45-4438-BAB1-F2D48B306AA2}.Release|Any CPU.ActiveCfg = Release|Any CPU
		{2787255E-7A45-4438-BAB1-F2D48B306AA2}.Release|Any CPU.Build.0 = Release|Any CPU
	EndGlobalSection
	GlobalSection(SolutionProperties) = preSolution
		HideSolutionNode = FALSE
	EndGlobalSection
	GlobalSection(ExtensibilityGlobals) = postSolution
		SolutionGuid = {5C5D32AC-4C92-4078-B4E6-91BB4C3912FF}
	EndGlobalSection
EndGlobal
